
Microsoft Visual Studio Solution File, Format Version 12.00
# Visual Studio Version 17
VisualStudioVersion = 17.2.32526.322
MinimumVisualStudioVersion = 10.0.40219.1
Project("{FAE04EC0-301F-11D3-BF4B-00C04F79EFBC}") = "LooslyCoupledWithCtorDemo", "LooslyCoupledWithPropDemo\LooslyCoupledWithCtorDemo.csproj", "{A6F958C2-DD1B-4B3B-AA23-0691FA117830}"
EndProject
Global
	GlobalSection(SolutionConfigurationPlatforms) = preSolution
		Debug|Any CPU = Debug|Any CPU
		Release|Any CPU = Release|Any CPU
	EndGlobalSection
	GlobalSection(ProjectConfigurationPlatforms) = postSolution
		{A6F958C2-DD1B-4B3B-AA23-0691FA117830}.Debug|Any CPU.ActiveCfg = Debug|Any CPU
		{A6F958C2-DD1B-4B3B-AA23-0691FA117830}.Debug|Any CPU.Build.0 = Debug|Any CPU
		{A6F958C2-DD1B-4B3B-AA23-0691FA117830}.Release|Any CPU.ActiveCfg = Release|Any CPU
		{A6F958C2-DD1B-4B3B-AA23-0691FA117830}.Release|Any CPU.Build.0 = Release|Any CPU
	EndGlobalSection
	GlobalSection(SolutionProperties) = preSolution
		HideSolutionNode = FALSE
	EndGlobalSection
	GlobalSection(ExtensibilityGlobals) = postSolution
		SolutionGuid = {5A81E67C-F1CF-46CE-BE40-90495E44725B}
	EndGlobalSection
EndGlobal
